
Microsoft Visual Studio Solution File, Format Version 12.00
# Visual Studio Version 16
VisualStudioVersion = 16.0.31025.194
MinimumVisualStudioVersion = 10.0.40219.1
Project("{FAE04EC0-301F-11D3-BF4B-00C04F79EFBC}") = "Calculadora", "Calculadora\Calculadora.csproj", "{5ED691BB-B154-44CD-8AA6-9A9AD081AC47}"
EndProject
Project("{FAE04EC0-301F-11D3-BF4B-00C04F79EFBC}") = "Entidades", "Entidades\Entidades.csproj", "{67F928CC-D62E-44D3-A790-AB3F199C00BC}"
EndProject
Global
	GlobalSection(SolutionConfigurationPlatforms) = preSolution
		Debug|Any CPU = Debug|Any CPU
		Release|Any CPU = Release|Any CPU
	EndGlobalSection
	GlobalSection(ProjectConfigurationPlatforms) = postSolution
		{5ED691BB-B154-44CD-8AA6-9A9AD081AC47}.Debug|Any CPU.ActiveCfg = Debug|Any CPU
		{5ED691BB-B154-44CD-8AA6-9A9AD081AC47}.Debug|Any CPU.Build.0 = Debug|Any CPU
		{5ED691BB-B154-44CD-8AA6-9A9AD081AC47}.Release|Any CPU.ActiveCfg = Release|Any CPU
		{5ED691BB-B154-44CD-8AA6-9A9AD081AC47}.Release|Any CPU.Build.0 = Release|Any CPU
		{67F928CC-D62E-44D3-A790-AB3F199C00BC}.Debug|Any CPU.ActiveCfg = Debug|Any CPU
		{67F928CC-D62E-44D3-A790-AB3F199C00BC}.Debug|Any CPU.Build.0 = Debug|Any CPU
		{67F928CC-D62E-44D3-A790-AB3F199C00BC}.Release|Any CPU.ActiveCfg = Release|Any CPU
		{67F928CC-D62E-44D3-A790-AB3F199C00BC}.Release|Any CPU.Build.0 = Release|Any CPU
	EndGlobalSection
	GlobalSection(SolutionProperties) = preSolution
		HideSolutionNode = FALSE
	EndGlobalSection
	GlobalSection(ExtensibilityGlobals) = postSolution
		SolutionGuid = {20A89D92-394D-42E7-8FD9-6DB7D4A51C4A}
	EndGlobalSection
EndGlobal
